
Microsoft Visual Studio Solution File, Format Version 12.00
# Visual Studio Version 17
VisualStudioVersion = 17.0.31903.59
MinimumVisualStudioVersion = 10.0.40219.1
Project("{2150E333-8FDC-42A3-9474-1A3956D46DE8}") = "src", "src", "{CAA32487-FDBF-4882-A2D6-4D05A5B59D0A}"
EndProject
Project("{FAE04EC0-301F-11D3-BF4B-00C04F79EFBC}") = "aaMcpServer", "src\aaMcpServer\aaMcpServer.csproj", "{D8DB0668-7459-4E89-820B-D73C6604C277}"
EndProject
Project("{FAE04EC0-301F-11D3-BF4B-00C04F79EFBC}") = "aaMcpServer.TestClient", "src\aaMcpServer.TestClient\aaMcpServer.TestClient.csproj", "{6502528B-014B-44E9-8BC0-331F6563E992}"
EndProject
Global
	GlobalSection(SolutionConfigurationPlatforms) = preSolution
		Debug|Any CPU = Debug|Any CPU
		Release|Any CPU = Release|Any CPU
	EndGlobalSection
	GlobalSection(SolutionProperties) = preSolution
		HideSolutionNode = FALSE
	EndGlobalSection
	GlobalSection(ProjectConfigurationPlatforms) = postSolution
		{D8DB0668-7459-4E89-820B-D73C6604C277}.Debug|Any CPU.ActiveCfg = Debug|Any CPU
		{D8DB0668-7459-4E89-820B-D73C6604C277}.Debug|Any CPU.Build.0 = Debug|Any CPU
		{D8DB0668-7459-4E89-820B-D73C6604C277}.Release|Any CPU.ActiveCfg = Release|Any CPU
		{D8DB0668-7459-4E89-820B-D73C6604C277}.Release|Any CPU.Build.0 = Release|Any CPU
		{6502528B-014B-44E9-8BC0-331F6563E992}.Debug|Any CPU.ActiveCfg = Debug|Any CPU
		{6502528B-014B-44E9-8BC0-331F6563E992}.Debug|Any CPU.Build.0 = Debug|Any CPU
		{6502528B-014B-44E9-8BC0-331F6563E992}.Release|Any CPU.ActiveCfg = Release|Any CPU
		{6502528B-014B-44E9-8BC0-331F6563E992}.Release|Any CPU.Build.0 = Release|Any CPU
	EndGlobalSection
	GlobalSection(NestedProjects) = preSolution
		{D8DB0668-7459-4E89-820B-D73C6604C277} = {CAA32487-FDBF-4882-A2D6-4D05A5B59D0A}
		{6502528B-014B-44E9-8BC0-331F6563E992} = {CAA32487-FDBF-4882-A2D6-4D05A5B59D0A}
	EndGlobalSection
EndGlobal
