
Microsoft Visual Studio Solution File, Format Version 12.00
# Visual Studio Version 17
VisualStudioVersion = 17.0.31903.59
MinimumVisualStudioVersion = 10.0.40219.1
Project("{2150E333-8FDC-42A3-9474-1A3956D46DE8}") = "src", "src", "{C7B42569-1D8F-4E1C-BCE2-034FBB48B6AD}"
EndProject
Project("{FAE04EC0-301F-11D3-BF4B-00C04F79EFBC}") = "aaMcpServer", "src\aaMcpServer\aaMcpServer.csproj", "{D186BC09-8530-454B-83D7-936CF26B8BEB}"
EndProject
Project("{FAE04EC0-301F-11D3-BF4B-00C04F79EFBC}") = "aaMcpServer.TestClient", "src\aaMcpServer.TestClient\aaMcpServer.TestClient.csproj", "{629B3FA0-5224-4F0D-BDC6-B7E31D52D1A1}"
EndProject
Global
	GlobalSection(SolutionConfigurationPlatforms) = preSolution
		Debug|Any CPU = Debug|Any CPU
		Release|Any CPU = Release|Any CPU
	EndGlobalSection
	GlobalSection(SolutionProperties) = preSolution
		HideSolutionNode = FALSE
	EndGlobalSection
	GlobalSection(ProjectConfigurationPlatforms) = postSolution
		{D186BC09-8530-454B-83D7-936CF26B8BEB}.Debug|Any CPU.ActiveCfg = Debug|Any CPU
		{D186BC09-8530-454B-83D7-936CF26B8BEB}.Debug|Any CPU.Build.0 = Debug|Any CPU
		{D186BC09-8530-454B-83D7-936CF26B8BEB}.Release|Any CPU.ActiveCfg = Release|Any CPU
		{D186BC09-8530-454B-83D7-936CF26B8BEB}.Release|Any CPU.Build.0 = Release|Any CPU
		{629B3FA0-5224-4F0D-BDC6-B7E31D52D1A1}.Debug|Any CPU.ActiveCfg = Debug|Any CPU
		{629B3FA0-5224-4F0D-BDC6-B7E31D52D1A1}.Debug|Any CPU.Build.0 = Debug|Any CPU
		{629B3FA0-5224-4F0D-BDC6-B7E31D52D1A1}.Release|Any CPU.ActiveCfg = Release|Any CPU
		{629B3FA0-5224-4F0D-BDC6-B7E31D52D1A1}.Release|Any CPU.Build.0 = Release|Any CPU
	EndGlobalSection
	GlobalSection(NestedProjects) = preSolution
		{D186BC09-8530-454B-83D7-936CF26B8BEB} = {C7B42569-1D8F-4E1C-BCE2-034FBB48B6AD}
		{629B3FA0-5224-4F0D-BDC6-B7E31D52D1A1} = {C7B42569-1D8F-4E1C-BCE2-034FBB48B6AD}
	EndGlobalSection
EndGlobal
